# requirements.lock — exact working versions pinned by R5 runtime spike
#
# Tested runtime baseline:
#   Python     : 3.14.6 (CPython, Windows 11)
#   Smoke test : tests/integration/test_dnspython_runtime_smoke.py
#   Result     : SMOKE_PASS 4/4 (UDP+TCP, SOA+A, 1.1.1.1+8.8.8.8)
#   Date       : 2026-06-27
#
# Generated by: pip freeze (R5 AIPF ticket)
# Do NOT loosen these pins without re-running the smoke test.
# Transitive / build-only deps (altgraph, pefile, pywin32-ctypes,
# pyinstaller-hooks-contrib) are Windows/PyInstaller-specific.
#
altgraph==0.17.5
dnspython==2.8.0
et_xmlfile==2.0.0
openpyxl==3.1.5
packaging==26.2
pefile==2024.8.26
pyinstaller==6.21.0
pyinstaller-hooks-contrib==2026.6
pywin32-ctypes==0.2.3
setuptools==82.0.1
